// !$*UTF8*$!
{
	archiveVersion = 1;
	classes = {
	};
	objectVersion = 77;
	objects = {

/* Begin PBXBuildFile section */
		02D1BD392D49EA7600B0B276 /* llama in Frameworks */ = {isa = PBXBuildFile; productRef = 02D1BD382D49EA7600B0B276 /* llama */; };
/* End PBXBuildFile section */

/* Begin PBXContainerItemProxy section */
		025F29C42D49254100B0F117 /* PBXContainerItemProxy */ = {
			isa = PBXContainerItemProxy;
			containerPortal = 025F29AB2D49253C00B0F117 /* Project object */;
			proxyType = 1;
			remoteGlobalIDString = 025F29B22D49253C00B0F117;
			remoteInfo = Chatpybara;
		};
		025F29CE2D49254100B0F117 /* PBXContainerItemProxy */ = {
			isa = PBXContainerItemProxy;
			containerPortal = 025F29AB2D49253C00B0F117 /* Project object */;
			proxyType = 1;
			remoteGlobalIDString = 025F29B22D49253C00B0F117;
			remoteInfo = Chatpybara;
		};
/* End PBXContainerItemProxy section */

/* Begin PBXFileReference section */
		025F29B32D49253C00B0F117 /* Chatpybara.app */ = {isa = PBXFileReference; explicitFileType = wrapper.application; includeInIndex = 0; path = Chatpybara.app; sourceTree = BUILT_PRODUCTS_DIR; };
		025F29C32D49254100B0F117 /* ChatpybaraTests.xctest */ = {isa = PBXFileReference; explicitFileType = wrapper.cfbundle; includeInIndex = 0; path = ChatpybaraTests.xctest; sourceTree = BUILT_PRODUCTS_DIR; };
		025F29CD2D49254100B0F117 /* ChatpybaraUITests.xctest */ = {isa = PBXFileReference; explicitFileType = wrapper.cfbundle; includeInIndex = 0; path = ChatpybaraUITests.xctest; sourceTree = BUILT_PRODUCTS_DIR; };
/* End PBXFileReference section */

/* Begin PBXFileSystemSynchronizedRootGroup section */
		025F29B52D49253C00B0F117 /* Chatpybara */ = {
			isa = PBXFileSystemSynchronizedRootGroup;
			path = Chatpybara;
			sourceTree = "<group>";
		};
		025F29C62D49254100B0F117 /* ChatpybaraTests */ = {
			isa = PBXFileSystemSynchronizedRootGroup;
			path = ChatpybaraTests;
			sourceTree = "<group>";
		};
		025F29D02D49254100B0F117 /* ChatpybaraUITests */ = {
			isa = PBXFileSystemSynchronizedRootGroup;
			path = ChatpybaraUITests;
			sourceTree = "<group>";
		};
/* End PBXFileSystemSynchronizedRootGroup section */

/* Begin PBXFrameworksBuildPhase section */
		025F29B02D49253C00B0F117 /* Frameworks */ = {
			isa = PBXFrameworksBuildPhase;
			buildActionMask = 2147483647;
			files = (
				02D1BD392D49EA7600B0B276 /* llama in Frameworks */,
			);
			runOnlyForDeploymentPostprocessing = 0;
		};
		025F29C02D49254100B0F117 /* Frameworks */ = {
			isa = PBXFrameworksBuildPhase;
			buildActionMask = 2147483647;
			files = (
			);
			runOnlyForDeploymentPostprocessing = 0;
		};
		025F29CA2D49254100B0F117 /* Frameworks */ = {
			isa = PBXFrameworksBuildPhase;
			buildActionMask = 2147483647;
			files = (
			);
			runOnlyForDeploymentPostprocessing = 0;
		};
/* End PBXFrameworksBuildPhase section */

/* Begin PBXGroup section */
		025F29AA2D49253C00B0F117 = {
			isa = PBXGroup;
			children = (
				025F29B52D49253C00B0F117 /* Chatpybara */,
				025F29C62D49254100B0F117 /* ChatpybaraTests */,
				025F29D02D49254100B0F117 /* ChatpybaraUITests */,
				025F29B42D49253C00B0F117 /* Products */,
			);
			sourceTree = "<group>";
		};
		025F29B42D49253C00B0F117 /* Products */ = {
			isa = PBXGroup;
			children = (
				025F29B32D49253C00B0F117 /* Chatpybara.app */,
				025F29C32D49254100B0F117 /* ChatpybaraTests.xctest */,
				025F29CD2D49254100B0F117 /* ChatpybaraUITests.xctest */,
			);
			name = Products;
			sourceTree = "<group>";
		};
/* End PBXGroup section */

/* Begin PBXNativeTarget section */
		025F29B22D49253C00B0F117 /* Chatpybara */ = {
			isa = PBXNativeTarget;
			buildConfigurationList = 025F29D72D49254100B0F117 /* Build configuration list for PBXNativeTarget "Chatpybara" */;
			buildPhases = (
				025F29AF2D49253C00B0F117 /* Sources */,
				025F29B02D49253C00B0F117 /* Frameworks */,
				025F29B12D49253C00B0F117 /* Resources */,
			);
			buildRules = (
			);
			dependencies = (
			);
			fileSystemSynchronizedGroups = (
				025F29B52D49253C00B0F117 /* Chatpybara */,
			);
			name = Chatpybara;
			packageProductDependencies = (
				02D1BD382D49EA7600B0B276 /* llama */,
			);
			productName = Chatpybara;
			productReference = 025F29B32D49253C00B0F117 /* Chatpybara.app */;
			productType = "com.apple.product-type.application";
		};
		025F29C22D49254100B0F117 /* ChatpybaraTests */ = {
			isa = PBXNativeTarget;
			buildConfigurationList = 025F29DA2D49254100B0F117 /* Build configuration list for PBXNativeTarget "ChatpybaraTests" */;
			buildPhases = (
				025F29BF2D49254100B0F117 /* Sources */,
				025F29C02D49254100B0F117 /* Frameworks */,
				025F29C12D49254100B0F117 /* Resources */,
			);
			buildRules = (
			);
			dependencies = (
				025F29C52D49254100B0F117 /* PBXTargetDependency */,
			);
			fileSystemSynchronizedGroups = (
				025F29C62D49254100B0F117 /* ChatpybaraTests */,
			);
			name = ChatpybaraTests;
			packageProductDependencies = (
			);
			productName = ChatpybaraTests;
			productReference = 025F29C32D49254100B0F117 /* ChatpybaraTests.xctest */;
			productType = "com.apple.product-type.bundle.unit-test";
		};
		025F29CC2D49254100B0F117 /* ChatpybaraUITests */ = {
			isa = PBXNativeTarget;
			buildConfigurationList = 025F29DD2D49254100B0F117 /* Build configuration list for PBXNativeTarget "ChatpybaraUITests" */;
			buildPhases = (
				025F29C92D49254100B0F117 /* Sources */,
				025F29CA2D49254100B0F117 /* Frameworks */,
				025F29CB2D49254100B0F117 /* Resources */,
			);
			buildRules = (
			);
			dependencies = (
				025F29CF2D49254100B0F117 /* PBXTargetDependency */,
			);
			fileSystemSynchronizedGroups = (
				025F29D02D49254100B0F117 /* ChatpybaraUITests */,
			);
			name = ChatpybaraUITests;
			packageProductDependencies = (
			);
			productName = ChatpybaraUITests;
			productReference = 025F29CD2D49254100B0F117 /* ChatpybaraUITests.xctest */;
			productType = "com.apple.product-type.bundle.ui-testing";
		};
/* End PBXNativeTarget section */

/* Begin PBXProject section */
		025F29AB2D49253C00B0F117 /* Project object */ = {
			isa = PBXProject;
			attributes = {
				BuildIndependentTargetsInParallel = 1;
				LastSwiftUpdateCheck = 1620;
				LastUpgradeCheck = 1620;
				TargetAttributes = {
					025F29B22D49253C00B0F117 = {
						CreatedOnToolsVersion = 16.2;
					};
					025F29C22D49254100B0F117 = {
						CreatedOnToolsVersion = 16.2;
						TestTargetID = 025F29B22D49253C00B0F117;
					};
					025F29CC2D49254100B0F117 = {
						CreatedOnToolsVersion = 16.2;
						TestTargetID = 025F29B22D49253C00B0F117;
					};
				};
			};
			buildConfigurationList = 025F29AE2D49253C00B0F117 /* Build configuration list for PBXProject "Chatpybara" */;
			developmentRegion = en;
			hasScannedForEncodings = 0;
			knownRegions = (
				en,
				Base,
			);
			mainGroup = 025F29AA2D49253C00B0F117;
			minimizedProjectReferenceProxies = 1;
			packageReferences = (
				02D1BD372D49EA1600B0B276 /* XCLocalSwiftPackageReference "../llama.cpp" */,
			);
			preferredProjectObjectVersion = 77;
			productRefGroup = 025F29B42D49253C00B0F117 /* Products */;
			projectDirPath = "";
			projectRoot = "";
			targets = (
				025F29B22D49253C00B0F117 /* Chatpybara */,
				025F29C22D49254100B0F117 /* ChatpybaraTests */,
				025F29CC2D49254100B0F117 /* ChatpybaraUITests */,
			);
		};
/* End PBXProject section */

/* Begin PBXResourcesBuildPhase section */
		025F29B12D49253C00B0F117 /* Resources */ = {
			isa = PBXResourcesBuildPhase;
			buildActionMask = 2147483647;
			files = (
			);
			runOnlyForDeploymentPostprocessing = 0;
		};
		025F29C12D49254100B0F117 /* Resources */ = {
			isa = PBXResourcesBuildPhase;
			buildActionMask = 2147483647;
			files = (
			);
			runOnlyForDeploymentPostprocessing = 0;
		};
		025F29CB2D49254100B0F117 /* Resources */ = {
			isa = PBXResourcesBuildPhase;
			buildActionMask = 2147483647;
			files = (
			);
			runOnlyForDeploymentPostprocessing = 0;
		};
/* End PBXResourcesBuildPhase section */

/* Begin PBXSourcesBuildPhase section */
		025F29AF2D49253C00B0F117 /* Sources */ = {
			isa = PBXSourcesBuildPhase;
			buildActionMask = 2147483647;
			files = (
			);
			runOnlyForDeploymentPostprocessing = 0;
		};
		025F29BF2D49254100B0F117 /* Sources */ = {
			isa = PBXSourcesBuildPhase;
			buildActionMask = 2147483647;
			files = (
			);
			runOnlyForDeploymentPostprocessing = 0;
		};
		025F29C92D49254100B0F117 /* Sources */ = {
			isa = PBXSourcesBuildPhase;
			buildActionMask = 2147483647;
			files = (
			);
			runOnlyForDeploymentPostprocessing = 0;
		};
/* End PBXSourcesBuildPhase section */

/* Begin PBXTargetDependency section */
		025F29C52D49254100B0F117 /* PBXTargetDependency */ = {
			isa = PBXTargetDependency;
			target = 025F29B22D49253C00B0F117 /* Chatpybara */;
			targetProxy = 025F29C42D49254100B0F117 /* PBXContainerItemProxy */;
		};
		025F29CF2D49254100B0F117 /* PBXTargetDependency */ = {
			isa = PBXTargetDependency;
			target = 025F29B22D49253C00B0F117 /* Chatpybara */;
			targetProxy = 025F29CE2D49254100B0F117 /* PBXContainerItemProxy */;
		};
/* End PBXTargetDependency section */

/* Begin XCBuildConfiguration section */
		025F29D52D49254100B0F117 /* Debug */ = {
			isa = XCBuildConfiguration;
			buildSettings = {
				ALWAYS_SEARCH_USER_PATHS = NO;
				ASSETCATALOG_COMPILER_GENERATE_SWIFT_ASSET_SYMBOL_EXTENSIONS = YES;
				CLANG_ANALYZER_NONNULL = YES;
				CLANG_ANALYZER_NUMBER_OBJECT_CONVERSION = YES_AGGRESSIVE;
				CLANG_CXX_LANGUAGE_STANDARD = "gnu++20";
				CLANG_ENABLE_MODULES = YES;
				CLANG_ENABLE_OBJC_ARC = YES;
				CLANG_ENABLE_OBJC_WEAK = YES;
				CLANG_WARN_BLOCK_CAPTURE_AUTORELEASING = YES;
				CLANG_WARN_BOOL_CONVERSION = YES;
				CLANG_WARN_COMMA = YES;
				CLANG_WARN_CONSTANT_CONVERSION = YES;
				CLANG_WARN_DEPRECATED_OBJC_IMPLEMENTATIONS = YES;
				CLANG_WARN_DIRECT_OBJC_ISA_USAGE = YES_ERROR;
				CLANG_WARN_DOCUMENTATION_COMMENTS = YES;
				CLANG_WARN_EMPTY_BODY = YES;
				CLANG_WARN_ENUM_CONVERSION = YES;
				CLANG_WARN_INFINITE_RECURSION = YES;
				CLANG_WARN_INT_CONVERSION = YES;
				CLANG_WARN_NON_LITERAL_NULL_CONVERSION = YES;
				CLANG_WARN_OBJC_IMPLICIT_RETAIN_SELF = YES;
				CLANG_WARN_OBJC_LITERAL_CONVERSION = YES;
				CLANG_WARN_OBJC_ROOT_CLASS = YES_ERROR;
				CLANG_WARN_QUOTED_INCLUDE_IN_FRAMEWORK_HEADER = YES;
				CLANG_WARN_RANGE_LOOP_ANALYSIS = YES;
				CLANG_WARN_STRICT_PROTOTYPES = YES;
				CLANG_WARN_SUSPICIOUS_MOVE = YES;
				CLANG_WARN_UNGUARDED_AVAILABILITY = YES_AGGRESSIVE;
				CLANG_WARN_UNREACHABLE_CODE = YES;
				CLANG_WARN__DUPLICATE_METHOD_MATCH = YES;
				COPY_PHASE_STRIP = NO;
				DEBUG_INFORMATION_FORMAT = dwarf;
				ENABLE_STRICT_OBJC_MSGSEND = YES;
				ENABLE_TESTABILITY = YES;
				ENABLE_USER_SCRIPT_SANDBOXING = YES;
				GCC_C_LANGUAGE_STANDARD = gnu17;
				GCC_DYNAMIC_NO_PIC = NO;
				GCC_NO_COMMON_BLOCKS = YES;
				GCC_OPTIMIZATION_LEVEL = 0;
				GCC_PREPROCESSOR_DEFINITIONS = (
					"DEBUG=1",
					"$(inherited)",
				);
				GCC_WARN_64_TO_32_BIT_CONVERSION = YES;
				GCC_WARN_ABOUT_RETURN_TYPE = YES_ERROR;
				GCC_WARN_UNDECLARED_SELECTOR = YES;
				GCC_WARN_UNINITIALIZED_AUTOS = YES_AGGRESSIVE;
				GCC_WARN_UNUSED_FUNCTION = YES;
				GCC_WARN_UNUSED_VARIABLE = YES;
				IPHONEOS_DEPLOYMENT_TARGET = 18.2;
				LOCALIZATION_PREFERS_STRING_CATALOGS = YES;
				MTL_ENABLE_DEBUG_INFO = INCLUDE_SOURCE;
				MTL_FAST_MATH = YES;
				ONLY_ACTIVE_ARCH = YES;
				SDKROOT = iphoneos;
				SWIFT_ACTIVE_COMPILATION_CONDITIONS = "DEBUG $(inherited)";
				SWIFT_OPTIMIZATION_LEVEL = "-Onone";
			};
			name = Debug;
		};
		025F29D62D49254100B0F117 /* Release */ = {
			isa = XCBuildConfiguration;
			buildSettings = {
				ALWAYS_SEARCH_USER_PATHS = NO;
				ASSETCATALOG_COMPILER_GENERATE_SWIFT_ASSET_SYMBOL_EXTENSIONS = YES;
				CLANG_ANALYZER_NONNULL = YES;
				CLANG_ANALYZER_NUMBER_OBJECT_CONVERSION = YES_AGGRESSIVE;
				CLANG_CXX_LANGUAGE_STANDARD = "gnu++20";
				CLANG_ENABLE_MODULES = YES;
				CLANG_ENABLE_OBJC_ARC = YES;
				CLANG_ENABLE_OBJC_WEAK = YES;
				CLANG_WARN_BLOCK_CAPTURE_AUTORELEASING = YES;
				CLANG_WARN_BOOL_CONVERSION = YES;
				CLANG_WARN_COMMA = YES;
				CLANG_WARN_CONSTANT_CONVERSION = YES;
				CLANG_WARN_DEPRECATED_OBJC_IMPLEMENTATIONS = YES;
				CLANG_WARN_DIRECT_OBJC_ISA_USAGE = YES_ERROR;
				CLANG_WARN_DOCUMENTATION_COMMENTS = YES;
				CLANG_WARN_EMPTY_BODY = YES;
				CLANG_WARN_ENUM_CONVERSION = YES;
				CLANG_WARN_INFINITE_RECURSION = YES;
				CLANG_WARN_INT_CONVERSION = YES;
				CLANG_WARN_NON_LITERAL_NULL_CONVERSION = YES;
				CLANG_WARN_OBJC_IMPLICIT_RETAIN_SELF = YES;
				CLANG_WARN_OBJC_LITERAL_CONVERSION = YES;
				CLANG_WARN_OBJC_ROOT_CLASS = YES_ERROR;
				CLANG_WARN_QUOTED_INCLUDE_IN_FRAMEWORK_HEADER = YES;
				CLANG_WARN_RANGE_LOOP_ANALYSIS = YES;
				CLANG_WARN_STRICT_PROTOTYPES = YES;
				CLANG_WARN_SUSPICIOUS_MOVE = YES;
				CLANG_WARN_UNGUARDED_AVAILABILITY = YES_AGGRESSIVE;
				CLANG_WARN_UNREACHABLE_CODE = YES;
				CLANG_WARN__DUPLICATE_METHOD_MATCH = YES;
				COPY_PHASE_STRIP = NO;
				DEBUG_INFORMATION_FORMAT = "dwarf-with-dsym";
				ENABLE_NS_ASSERTIONS = NO;
				ENABLE_STRICT_OBJC_MSGSEND = YES;
				ENABLE_USER_SCRIPT_SANDBOXING = YES;
				GCC_C_LANGUAGE_STANDARD = gnu17;
				GCC_NO_COMMON_BLOCKS = YES;
				GCC_WARN_64_TO_32_BIT_CONVERSION = YES;
				GCC_WARN_ABOUT_RETURN_TYPE = YES_ERROR;
				GCC_WARN_UNDECLARED_SELECTOR = YES;
				GCC_WARN_UNINITIALIZED_AUTOS = YES_AGGRESSIVE;
				GCC_WARN_UNUSED_FUNCTION = YES;
				GCC_WARN_UNUSED_VARIABLE = YES;
				IPHONEOS_DEPLOYMENT_TARGET = 18.2;
				LOCALIZATION_PREFERS_STRING_CATALOGS = YES;
				MTL_ENABLE_DEBUG_INFO = NO;
				MTL_FAST_MATH = YES;
				SDKROOT = iphoneos;
				SWIFT_COMPILATION_MODE = wholemodule;
				VALIDATE_PRODUCT = YES;
			};
			name = Release;
		};
		025F29D82D49254100B0F117 /* Debug */ = {
			isa = XCBuildConfiguration;
			buildSettings = {
				ASSETCATALOG_COMPILER_APPICON_NAME = AppIcon;
				ASSETCATALOG_COMPILER_GLOBAL_ACCENT_COLOR_NAME = AccentColor;
				CODE_SIGN_STYLE = Automatic;
				CURRENT_PROJECT_VERSION = 1;
				DEVELOPMENT_ASSET_PATHS = "\"Chatpybara/Preview Content\"";
				DEVELOPMENT_TEAM = UCA55SWP9F;
				ENABLE_PREVIEWS = YES;
				GENERATE_INFOPLIST_FILE = YES;
				INFOPLIST_KEY_UIApplicationSceneManifest_Generation = YES;
				INFOPLIST_KEY_UIApplicationSupportsIndirectInputEvents = YES;
				INFOPLIST_KEY_UILaunchScreen_Generation = YES;
				INFOPLIST_KEY_UISupportedInterfaceOrientations_iPad = "UIInterfaceOrientationPortrait UIInterfaceOrientationPortraitUpsideDown UIInterfaceOrientationLandscapeLeft UIInterfaceOrientationLandscapeRight";
				INFOPLIST_KEY_UISupportedInterfaceOrientations_iPhone = "UIInterfaceOrientationPortrait UIInterfaceOrientationLandscapeLeft UIInterfaceOrientationLandscapeRight";
				LD_RUNPATH_SEARCH_PATHS = (
					"$(inherited)",
					"@executable_path/Frameworks",
				);
				LIBRARY_SEARCH_PATHS = (
					"$(inherited)",
					"$(PROJECT_DIR)/Chatpybara/Frameworks/llama.cpp/build/bin",
				);
				MARKETING_VERSION = 1.0;
				PRODUCT_BUNDLE_IDENTIFIER = "github.com-rkka02.Chatpybara";
				PRODUCT_NAME = "$(TARGET_NAME)";
				SWIFT_EMIT_LOC_STRINGS = YES;
				SWIFT_OBJC_BRIDGING_HEADER = "";
				SWIFT_VERSION = 5.0;
				TARGETED_DEVICE_FAMILY = "1,2";
			};
			name = Debug;
		};
		025F29D92D49254100B0F117 /* Release */ = {
			isa = XCBuildConfiguration;
			buildSettings = {
				ASSETCATALOG_COMPILER_APPICON_NAME = AppIcon;
				ASSETCATALOG_COMPILER_GLOBAL_ACCENT_COLOR_NAME = AccentColor;
				CODE_SIGN_STYLE = Automatic;
				CURRENT_PROJECT_VERSION = 1;
				DEVELOPMENT_ASSET_PATHS = "\"Chatpybara/Preview Content\"";
				DEVELOPMENT_TEAM = UCA55SWP9F;
				ENABLE_PREVIEWS = YES;
				GENERATE_INFOPLIST_FILE = YES;
				INFOPLIST_KEY_UIApplicationSceneManifest_Generation = YES;
				INFOPLIST_KEY_UIApplicationSupportsIndirectInputEvents = YES;
				INFOPLIST_KEY_UILaunchScreen_Generation = YES;
				INFOPLIST_KEY_UISupportedInterfaceOrientations_iPad = "UIInterfaceOrientationPortrait UIInterfaceOrientationPortraitUpsideDown UIInterfaceOrientationLandscapeLeft UIInterfaceOrientationLandscapeRight";
				INFOPLIST_KEY_UISupportedInterfaceOrientations_iPhone = "UIInterfaceOrientationPortrait UIInterfaceOrientationLandscapeLeft UIInterfaceOrientationLandscapeRight";
				LD_RUNPATH_SEARCH_PATHS = (
					"$(inherited)",
					"@executable_path/Frameworks",
				);
				LIBRARY_SEARCH_PATHS = (
					"$(inherited)",
					"$(PROJECT_DIR)/Chatpybara/Frameworks/llama.cpp/build/bin",
				);
				MARKETING_VERSION = 1.0;
				PRODUCT_BUNDLE_IDENTIFIER = "github.com-rkka02.Chatpybara";
				PRODUCT_NAME = "$(TARGET_NAME)";
				SWIFT_EMIT_LOC_STRINGS = YES;
				SWIFT_OBJC_BRIDGING_HEADER = "";
				SWIFT_VERSION = 5.0;
				TARGETED_DEVICE_FAMILY = "1,2";
			};
			name = Release;
		};
		025F29DB2D49254100B0F117 /* Debug */ = {
			isa = XCBuildConfiguration;
			buildSettings = {
				BUNDLE_LOADER = "$(TEST_HOST)";
				CODE_SIGN_STYLE = Automatic;
				CURRENT_PROJECT_VERSION = 1;
				DEVELOPMENT_TEAM = UCA55SWP9F;
				GENERATE_INFOPLIST_FILE = YES;
				IPHONEOS_DEPLOYMENT_TARGET = 18.2;
				MARKETING_VERSION = 1.0;
				PRODUCT_BUNDLE_IDENTIFIER = "github.com-rkka02.ChatpybaraTests";
				PRODUCT_NAME = "$(TARGET_NAME)";
				SWIFT_EMIT_LOC_STRINGS = NO;
				SWIFT_VERSION = 5.0;
				TARGETED_DEVICE_FAMILY = "1,2";
				TEST_HOST = "$(BUILT_PRODUCTS_DIR)/Chatpybara.app/$(BUNDLE_EXECUTABLE_FOLDER_PATH)/Chatpybara";
			};
			name = Debug;
		};
		025F29DC2D49254100B0F117 /* Release */ = {
			isa = XCBuildConfiguration;
			buildSettings = {
				BUNDLE_LOADER = "$(TEST_HOST)";
				CODE_SIGN_STYLE = Automatic;
				CURRENT_PROJECT_VERSION = 1;
				DEVELOPMENT_TEAM = UCA55SWP9F;
				GENERATE_INFOPLIST_FILE = YES;
				IPHONEOS_DEPLOYMENT_TARGET = 18.2;
				MARKETING_VERSION = 1.0;
				PRODUCT_BUNDLE_IDENTIFIER = "github.com-rkka02.ChatpybaraTests";
				PRODUCT_NAME = "$(TARGET_NAME)";
				SWIFT_EMIT_LOC_STRINGS = NO;
				SWIFT_VERSION = 5.0;
				TARGETED_DEVICE_FAMILY = "1,2";
				TEST_HOST = "$(BUILT_PRODUCTS_DIR)/Chatpybara.app/$(BUNDLE_EXECUTABLE_FOLDER_PATH)/Chatpybara";
			};
			name = Release;
		};
		025F29DE2D49254100B0F117 /* Debug */ = {
			isa = XCBuildConfiguration;
			buildSettings = {
				CODE_SIGN_STYLE = Automatic;
				CURRENT_PROJECT_VERSION = 1;
				DEVELOPMENT_TEAM = UCA55SWP9F;
				GENERATE_INFOPLIST_FILE = YES;
				MARKETING_VERSION = 1.0;
				PRODUCT_BUNDLE_IDENTIFIER = "github.com-rkka02.ChatpybaraUITests";
				PRODUCT_NAME = "$(TARGET_NAME)";
				SWIFT_EMIT_LOC_STRINGS = NO;
				SWIFT_VERSION = 5.0;
				TARGETED_DEVICE_FAMILY = "1,2";
				TEST_TARGET_NAME = Chatpybara;
			};
			name = Debug;
		};
		025F29DF2D49254100B0F117 /* Release */ = {
			isa = XCBuildConfiguration;
			buildSettings = {
				CODE_SIGN_STYLE = Automatic;
				CURRENT_PROJECT_VERSION = 1;
				DEVELOPMENT_TEAM = UCA55SWP9F;
				GENERATE_INFOPLIST_FILE = YES;
				MARKETING_VERSION = 1.0;
				PRODUCT_BUNDLE_IDENTIFIER = "github.com-rkka02.ChatpybaraUITests";
				PRODUCT_NAME = "$(TARGET_NAME)";
				SWIFT_EMIT_LOC_STRINGS = NO;
				SWIFT_VERSION = 5.0;
				TARGETED_DEVICE_FAMILY = "1,2";
				TEST_TARGET_NAME = Chatpybara;
			};
			name = Release;
		};
/* End XCBuildConfiguration section */

/* Begin XCConfigurationList section */
		025F29AE2D49253C00B0F117 /* Build configuration list for PBXProject "Chatpybara" */ = {
			isa = XCConfigurationList;
			buildConfigurations = (
				025F29D52D49254100B0F117 /* Debug */,
				025F29D62D49254100B0F117 /* Release */,
			);
			defaultConfigurationIsVisible = 0;
			defaultConfigurationName = Release;
		};
		025F29D72D49254100B0F117 /* Build configuration list for PBXNativeTarget "Chatpybara" */ = {
			isa = XCConfigurationList;
			buildConfigurations = (
				025F29D82D49254100B0F117 /* Debug */,
				025F29D92D49254100B0F117 /* Release */,
			);
			defaultConfigurationIsVisible = 0;
			defaultConfigurationName = Release;
		};
		025F29DA2D49254100B0F117 /* Build configuration list for PBXNativeTarget "ChatpybaraTests" */ = {
			isa = XCConfigurationList;
			buildConfigurations = (
				025F29DB2D49254100B0F117 /* Debug */,
				025F29DC2D49254100B0F117 /* Release */,
			);
			defaultConfigurationIsVisible = 0;
			defaultConfigurationName = Release;
		};
		025F29DD2D49254100B0F117 /* Build configuration list for PBXNativeTarget "ChatpybaraUITests" */ = {
			isa = XCConfigurationList;
			buildConfigurations = (
				025F29DE2D49254100B0F117 /* Debug */,
				025F29DF2D49254100B0F117 /* Release */,
			);
			defaultConfigurationIsVisible = 0;
			defaultConfigurationName = Release;
		};
/* End XCConfigurationList section */

/* Begin XCLocalSwiftPackageReference section */
		02D1BD372D49EA1600B0B276 /* XCLocalSwiftPackageReference "../llama.cpp" */ = {
			isa = XCLocalSwiftPackageReference;
			relativePath = ../llama.cpp;
		};
/* End XCLocalSwiftPackageReference section */

/* Begin XCSwiftPackageProductDependency section */
		02D1BD382D49EA7600B0B276 /* llama */ = {
			isa = XCSwiftPackageProductDependency;
			package = 02D1BD372D49EA1600B0B276 /* XCLocalSwiftPackageReference "../llama.cpp" */;
			productName = llama;
		};
/* End XCSwiftPackageProductDependency section */
	};
	rootObject = 025F29AB2D49253C00B0F117 /* Project object */;
}
